
Microsoft Visual Studio Solution File, Format Version 12.00
# Visual Studio Version 16
VisualStudioVersion = 16.0.30002.166
MinimumVisualStudioVersion = 10.0.40219.1
Project("{FAE04EC0-301F-11D3-BF4B-00C04F79EFBC}") = "WebAPIDemo", "WebAPIDemo\WebAPIDemo.csproj", "{47C1F964-FA33-4F70-AEE1-691423C47A33}"
EndProject
Global
	GlobalSection(SolutionConfigurationPlatforms) = preSolution
		Debug|Any CPU = Debug|Any CPU
		Release|Any CPU = Release|Any CPU
	EndGlobalSection
	GlobalSection(ProjectConfigurationPlatforms) = postSolution
		{47C1F964-FA33-4F70-AEE1-691423C47A33}.Debug|Any CPU.ActiveCfg = Debug|Any CPU
		{47C1F964-FA33-4F70-AEE1-691423C47A33}.Debug|Any CPU.Build.0 = Debug|Any CPU
		{47C1F964-FA33-4F70-AEE1-691423C47A33}.Release|Any CPU.ActiveCfg = Release|Any CPU
		{47C1F964-FA33-4F70-AEE1-691423C47A33}.Release|Any CPU.Build.0 = Release|Any CPU
	EndGlobalSection
	GlobalSection(SolutionProperties) = preSolution
		HideSolutionNode = FALSE
	EndGlobalSection
	GlobalSection(ExtensibilityGlobals) = postSolution
		SolutionGuid = {5B75E579-CB97-42F1-A377-CB70D926C211}
	EndGlobalSection
EndGlobal
